version = 1
revision = 3
requires-python = ">=3.13"

[[package]]
name = "futoshiki"
version = "0.1.0"
source = { virtual = "." }
dependencies = [
    { name = "pip" },
    { name = "z3-solver" },
]

[package.metadata]
requires-dist = [
    { name = "pip", specifier = ">=26.0.1" },
    { name = "z3-solver", specifier = ">=4.16.0.0" },
]

[[package]]
name = "pip"
version = "26.0.1"
source = { registry = "https://pypi.org/simple" }
sdist = { url = "https://files.pythonhosted.org/packages/48/83/0d7d4e9efe3344b8e2fe25d93be44f64b65364d3c8d7bc6dc90198d5422e/pip-26.0.1.tar.gz", hash = "sha256:c4037d8a277c89b320abe636d59f91e6d0922d08a05b60e85e53b296613346d8", size = 1812747, upload-time = "2026-02-05T02:20:18.702Z" }
wheels = [
    { url = "https://files.pythonhosted.org/packages/de/f0/c81e05b613866b76d2d1066490adf1a3dbc4ee9d9c839961c3fc8a6997af/pip-26.0.1-py3-none-any.whl", hash = "sha256:bdb1b08f4274833d62c1aa29e20907365a2ceb950410df15fc9521bad440122b", size = 1787723, upload-time = "2026-02-05T02:20:16.416Z" },
]

[[package]]
name = "z3-solver"
version = "4.16.0.0"
source = { registry = "https://pypi.org/simple" }
sdist = { url = "https://files.pythonhosted.org/packages/93/3b/2b714c40ef2ecf6d8aa080056b9c24a77fe4ca2c83abd83e9c93d34212ac/z3_solver-4.16.0.0.tar.gz", hash = "sha256:263d9ad668966e832c2b246ba0389298a599637793da2dc01cc5e4ef4b0b6c78", size = 5098891, upload-time = "2026-02-19T04:14:08.818Z" }
wheels = [
    { url = "https://files.pythonhosted.org/packages/2d/5d/9b277a80333db6b85fedd0f5082e311efcbaec47f2c44c57d38953c2d4d9/z3_solver-4.16.0.0-py3-none-macosx_15_0_arm64.whl", hash = "sha256:cc52843cfdd3d3f2cd24bedc62e71c18af8c8b7b23fb05e639ab60b01b5f8f2f", size = 36963251, upload-time = "2026-02-19T04:13:44.303Z" },
    { url = "https://files.pythonhosted.org/packages/1c/c4/fc99aa544930fb7bfcd88947c2788f318acaf1b9704a7a914445e204436a/z3_solver-4.16.0.0-py3-none-macosx_15_0_x86_64.whl", hash = "sha256:e292df40951523e4ecfbc8dee549d93dee00a3fe4ee4833270d19876b713e210", size = 47523873, upload-time = "2026-02-19T04:13:48.154Z" },
    { url = "https://files.pythonhosted.org/packages/f6/e6/98741b086b6e01630a55db1fbda596949f738204aac14ef35e64a9526ccb/z3_solver-4.16.0.0-py3-none-manylinux_2_27_x86_64.whl", hash = "sha256:afae2551f795670f0522cfce82132d129c408a2694adff71eb01ba0f2ece44f9", size = 31741807, upload-time = "2026-02-19T04:13:52.283Z" },
    { url = "https://files.pythonhosted.org/packages/e7/2e/295d467c7c796c01337bff790dbedc28cf279f9d365ed64aa9f8ca6b2ba1/z3_solver-4.16.0.0-py3-none-manylinux_2_38_aarch64.whl", hash = "sha256:358648c3b5ef82b9ec9a25711cf4fc498c7881f03a9f4a2ea6ffa9304ca65d94", size = 27326531, upload-time = "2026-02-19T04:13:55.787Z" },
    { url = "https://files.pythonhosted.org/packages/34/df/29816ce4de24cca3acb007412f9c6fba603e55fcc27ce8c2aade0939057a/z3_solver-4.16.0.0-py3-none-win32.whl", hash = "sha256:cc64c4d41fbebe419fccddb044979c3d95b41214547db65eecdaa67fafef7fe0", size = 13341643, upload-time = "2026-02-19T04:13:58.88Z" },
    { url = "https://files.pythonhosted.org/packages/86/20/cef4f4d70845df24572d005d19995f92b7f527eb2ffb63a3f5f938a0de2e/z3_solver-4.16.0.0-py3-none-win_amd64.whl", hash = "sha256:eb5df383cb6a3d6b7767dbdca348ac71f6f41e82f76c9ac42002a1f55e35f462", size = 16419861, upload-time = "2026-02-19T04:14:03.232Z" },
    { url = "https://files.pythonhosted.org/packages/e1/18/7dc1051093abfd6db56ce9addb63c624bfa31946ccb9cfc9be5e75237a26/z3_solver-4.16.0.0-py3-none-win_arm64.whl", hash = "sha256:28729eae2c89112e37697acce4d4517f5e44c6c54d36fed9cf914b06f380cbd6", size = 15084866, upload-time = "2026-02-19T04:14:06.355Z" },
]
